// !$*UTF8*$!
{
	archiveVersion = 1;
	classes = {
	};
	objectVersion = 46;
	objects = {

/* Begin PBXBuildFile section */
		2016E6B21E47A8EF00D328EC /* MealTableViewCell.swift in Sources */ = {isa = PBXBuildFile; fileRef = 2016E6B11E47A8EF00D328EC /* MealTableViewCell.swift */; };
		2016E6B41E47BBA200D328EC /* MealTableViewController.swift in Sources */ = {isa = PBXBuildFile; fileRef = 2016E6B31E47BBA200D328EC /* MealTableViewController.swift */; };
		202933F01E22DA76005F35CC /* Meal.swift in Sources */ = {isa = PBXBuildFile; fileRef = 202933EF1E22DA76005F35CC /* Meal.swift */; };
		20322E081E1B01560032E8CC /* RatingControl.swift in Sources */ = {isa = PBXBuildFile; fileRef = 20322E071E1B01560032E8CC /* RatingControl.swift */; };
		20C631B51DD3AF4D00AE5E6B /* AppDelegate.swift in Sources */ = {isa = PBXBuildFile; fileRef = 20C631B41DD3AF4D00AE5E6B /* AppDelegate.swift */; };
		20C631B71DD3AF4D00AE5E6B /* MealViewController.swift in Sources */ = {isa = PBXBuildFile; fileRef = 20C631B61DD3AF4D00AE5E6B /* MealViewController.swift */; };
		20C631BA1DD3AF4D00AE5E6B /* Main.storyboard in Resources */ = {isa = PBXBuildFile; fileRef = 20C631B81DD3AF4D00AE5E6B /* Main.storyboard */; };
		20C631BC1DD3AF4D00AE5E6B /* Assets.xcassets in Resources */ = {isa = PBXBuildFile; fileRef = 20C631BB1DD3AF4D00AE5E6B /* Assets.xcassets */; };
		20C631BF1DD3AF4D00AE5E6B /* LaunchScreen.storyboard in Resources */ = {isa = PBXBuildFile; fileRef = 20C631BD1DD3AF4D00AE5E6B /* LaunchScreen.storyboard */; };
		20C631CA1DD3AF4D00AE5E6B /* FoodTrackerTests.swift in Sources */ = {isa = PBXBuildFile; fileRef = 20C631C91DD3AF4D00AE5E6B /* FoodTrackerTests.swift */; };
/* End PBXBuildFile section */

/* Begin PBXContainerItemProxy section */
		20C631C61DD3AF4D00AE5E6B /* PBXContainerItemProxy */ = {
			isa = PBXContainerItemProxy;
			containerPortal = 20C631A91DD3AF4C00AE5E6B /* Project object */;
			proxyType = 1;
			remoteGlobalIDString = 20C631B01DD3AF4C00AE5E6B;
			remoteInfo = FoodTracker;
		};
/* End PBXContainerItemProxy section */

/* Begin PBXFileReference section */
		2016E6B11E47A8EF00D328EC /* MealTableViewCell.swift */ = {isa = PBXFileReference; fileEncoding = 4; lastKnownFileType = sourcecode.swift; path = MealTableViewCell.swift; sourceTree = "<group>"; };
		2016E6B31E47BBA200D328EC /* MealTableViewController.swift */ = {isa = PBXFileReference; fileEncoding = 4; lastKnownFileType = sourcecode.swift; path = MealTableViewController.swift; sourceTree = "<group>"; };
		202933EF1E22DA76005F35CC /* Meal.swift */ = {isa = PBXFileReference; fileEncoding = 4; lastKnownFileType = sourcecode.swift; name = Meal.swift; path = ../Meal.swift; sourceTree = "<group>"; };
		20322E071E1B01560032E8CC /* RatingControl.swift */ = {isa = PBXFileReference; fileEncoding = 4; lastKnownFileType = sourcecode.swift; name = RatingControl.swift; path = ../RatingControl.swift; sourceTree = "<group>"; };
		20C631B11DD3AF4D00AE5E6B /* FoodTracker.app */ = {isa = PBXFileReference; explicitFileType = wrapper.application; includeInIndex = 0; path = FoodTracker.app; sourceTree = BUILT_PRODUCTS_DIR; };
		20C631B41DD3AF4D00AE5E6B /* AppDelegate.swift */ = {isa = PBXFileReference; lastKnownFileType = sourcecode.swift; path = AppDelegate.swift; sourceTree = "<group>"; };
		20C631B61DD3AF4D00AE5E6B /* MealViewController.swift */ = {isa = PBXFileReference; lastKnownFileType = sourcecode.swift; path = MealViewController.swift; sourceTree = "<group>"; };
		20C631B91DD3AF4D00AE5E6B /* Base */ = {isa = PBXFileReference; lastKnownFileType = file.storyboard; name = Base; path = Base.lproj/Main.storyboard; sourceTree = "<group>"; };
		20C631BB1DD3AF4D00AE5E6B /* Assets.xcassets */ = {isa = PBXFileReference; lastKnownFileType = folder.assetcatalog; path = Assets.xcassets; sourceTree = "<group>"; };
		20C631BE1DD3AF4D00AE5E6B /* Base */ = {isa = PBXFileReference; lastKnownFileType = file.storyboard; name = Base; path = Base.lproj/LaunchScreen.storyboard; sourceTree = "<group>"; };
		20C631C01DD3AF4D00AE5E6B /* Info.plist */ = {isa = PBXFileReference; lastKnownFileType = text.plist.xml; path = Info.plist; sourceTree = "<group>"; };
		20C631C51DD3AF4D00AE5E6B /* FoodTrackerTests.xctest */ = {isa = PBXFileReference; explicitFileType = wrapper.cfbundle; includeInIndex = 0; path = FoodTrackerTests.xctest; sourceTree = BUILT_PRODUCTS_DIR; };
		20C631C91DD3AF4D00AE5E6B /* FoodTrackerTests.swift */ = {isa = PBXFileReference; lastKnownFileType = sourcecode.swift; path = FoodTrackerTests.swift; sourceTree = "<group>"; };
		20C631CB1DD3AF4D00AE5E6B /* Info.plist */ = {isa = PBXFileReference; lastKnownFileType = text.plist.xml; path = Info.plist; sourceTree = "<group>"; };
/* End PBXFileReference section */

/* Begin PBXFrameworksBuildPhase section */
		20C631AE1DD3AF4C00AE5E6B /* Frameworks */ = {
			isa = PBXFrameworksBuildPhase;
			buildActionMask = 2147483647;
			files = (
			);
			runOnlyForDeploymentPostprocessing = 0;
		};
		20C631C21DD3AF4D00AE5E6B /* Frameworks */ = {
			isa = PBXFrameworksBuildPhase;
			buildActionMask = 2147483647;
			files = (
			);
			runOnlyForDeploymentPostprocessing = 0;
		};
/* End PBXFrameworksBuildPhase section */

/* Begin PBXGroup section */
		20C631A81DD3AF4C00AE5E6B = {
			isa = PBXGroup;
			children = (
				2016E6B11E47A8EF00D328EC /* MealTableViewCell.swift */,
				20C631B31DD3AF4D00AE5E6B /* FoodTracker */,
				20C631C81DD3AF4D00AE5E6B /* FoodTrackerTests */,
				20C631B21DD3AF4D00AE5E6B /* Products */,
			);
			sourceTree = "<group>";
		};
		20C631B21DD3AF4D00AE5E6B /* Products */ = {
			isa = PBXGroup;
			children = (
				20C631B11DD3AF4D00AE5E6B /* FoodTracker.app */,
				20C631C51DD3AF4D00AE5E6B /* FoodTrackerTests.xctest */,
			);
			name = Products;
			sourceTree = "<group>";
		};
		20C631B31DD3AF4D00AE5E6B /* FoodTracker */ = {
			isa = PBXGroup;
			children = (
				20C631B41DD3AF4D00AE5E6B /* AppDelegate.swift */,
				20C631B61DD3AF4D00AE5E6B /* MealViewController.swift */,
				20322E071E1B01560032E8CC /* RatingControl.swift */,
				202933EF1E22DA76005F35CC /* Meal.swift */,
				20C631B81DD3AF4D00AE5E6B /* Main.storyboard */,
				2016E6B31E47BBA200D328EC /* MealTableViewController.swift */,
				20C631BB1DD3AF4D00AE5E6B /* Assets.xcassets */,
				20C631BD1DD3AF4D00AE5E6B /* LaunchScreen.storyboard */,
				20C631C01DD3AF4D00AE5E6B /* Info.plist */,
			);
			path = FoodTracker;
			sourceTree = "<group>";
		};
		20C631C81DD3AF4D00AE5E6B /* FoodTrackerTests */ = {
			isa = PBXGroup;
			children = (
				20C631C91DD3AF4D00AE5E6B /* FoodTrackerTests.swift */,
				20C631CB1DD3AF4D00AE5E6B /* Info.plist */,
			);
			path = FoodTrackerTests;
			sourceTree = "<group>";
		};
/* End PBXGroup section */

/* Begin PBXNativeTarget section */
		20C631B01DD3AF4C00AE5E6B /* FoodTracker */ = {
			isa = PBXNativeTarget;
			buildConfigurationList = 20C631CE1DD3AF4D00AE5E6B /* Build configuration list for PBXNativeTarget "FoodTracker" */;
			buildPhases = (
				20C631AD1DD3AF4C00AE5E6B /* Sources */,
				20C631AE1DD3AF4C00AE5E6B /* Frameworks */,
				20C631AF1DD3AF4C00AE5E6B /* Resources */,
			);
			buildRules = (
			);
			dependencies = (
			);
			name = FoodTracker;
			productName = FoodTracker;
			productReference = 20C631B11DD3AF4D00AE5E6B /* FoodTracker.app */;
			productType = "com.apple.product-type.application";
		};
		20C631C41DD3AF4D00AE5E6B /* FoodTrackerTests */ = {
			isa = PBXNativeTarget;
			buildConfigurationList = 20C631D11DD3AF4D00AE5E6B /* Build configuration list for PBXNativeTarget "FoodTrackerTests" */;
			buildPhases = (
				20C631C11DD3AF4D00AE5E6B /* Sources */,
				20C631C21DD3AF4D00AE5E6B /* Frameworks */,
				20C631C31DD3AF4D00AE5E6B /* Resources */,
			);
			buildRules = (
			);
			dependencies = (
				20C631C71DD3AF4D00AE5E6B /* PBXTargetDependency */,
			);
			name = FoodTrackerTests;
			productName = FoodTrackerTests;
			productReference = 20C631C51DD3AF4D00AE5E6B /* FoodTrackerTests.xctest */;
			productType = "com.apple.product-type.bundle.unit-test";
		};
/* End PBXNativeTarget section */

/* Begin PBXProject section */
		20C631A91DD3AF4C00AE5E6B /* Project object */ = {
			isa = PBXProject;
			attributes = {
				LastSwiftUpdateCheck = 0810;
				LastUpgradeCheck = 0810;
				ORGANIZATIONNAME = "Mikołaj Skawiński";
				TargetAttributes = {
					20C631B01DD3AF4C00AE5E6B = {
						CreatedOnToolsVersion = 8.1;
						ProvisioningStyle = Automatic;
					};
					20C631C41DD3AF4D00AE5E6B = {
						CreatedOnToolsVersion = 8.1;
						ProvisioningStyle = Automatic;
						TestTargetID = 20C631B01DD3AF4C00AE5E6B;
					};
				};
			};
			buildConfigurationList = 20C631AC1DD3AF4C00AE5E6B /* Build configuration list for PBXProject "FoodTracker" */;
			compatibilityVersion = "Xcode 3.2";
			developmentRegion = English;
			hasScannedForEncodings = 0;
			knownRegions = (
				en,
				Base,
			);
			mainGroup = 20C631A81DD3AF4C00AE5E6B;
			productRefGroup = 20C631B21DD3AF4D00AE5E6B /* Products */;
			projectDirPath = "";
			projectRoot = "";
			targets = (
				20C631B01DD3AF4C00AE5E6B /* FoodTracker */,
				20C631C41DD3AF4D00AE5E6B /* FoodTrackerTests */,
			);
		};
/* End PBXProject section */

/* Begin PBXResourcesBuildPhase section */
		20C631AF1DD3AF4C00AE5E6B /* Resources */ = {
			isa = PBXResourcesBuildPhase;
			buildActionMask = 2147483647;
			files = (
				20C631BF1DD3AF4D00AE5E6B /* LaunchScreen.storyboard in Resources */,
				20C631BC1DD3AF4D00AE5E6B /* Assets.xcassets in Resources */,
				20C631BA1DD3AF4D00AE5E6B /* Main.storyboard in Resources */,
			);
			runOnlyForDeploymentPostprocessing = 0;
		};
		20C631C31DD3AF4D00AE5E6B /* Resources */ = {
			isa = PBXResourcesBuildPhase;
			buildActionMask = 2147483647;
			files = (
			);
			runOnlyForDeploymentPostprocessing = 0;
		};
/* End PBXResourcesBuildPhase section */

/* Begin PBXSourcesBuildPhase section */
		20C631AD1DD3AF4C00AE5E6B /* Sources */ = {
			isa = PBXSourcesBuildPhase;
			buildActionMask = 2147483647;
			files = (
				202933F01E22DA76005F35CC /* Meal.swift in Sources */,
				20C631B71DD3AF4D00AE5E6B /* MealViewController.swift in Sources */,
				20322E081E1B01560032E8CC /* RatingControl.swift in Sources */,
				20C631B51DD3AF4D00AE5E6B /* AppDelegate.swift in Sources */,
				2016E6B41E47BBA200D328EC /* MealTableViewController.swift in Sources */,
				2016E6B21E47A8EF00D328EC /* MealTableViewCell.swift in Sources */,
			);
			runOnlyForDeploymentPostprocessing = 0;
		};
		20C631C11DD3AF4D00AE5E6B /* Sources */ = {
			isa = PBXSourcesBuildPhase;
			buildActionMask = 2147483647;
			files = (
				20C631CA1DD3AF4D00AE5E6B /* FoodTrackerTests.swift in Sources */,
			);
			runOnlyForDeploymentPostprocessing = 0;
		};
/* End PBXSourcesBuildPhase section */

/* Begin PBXTargetDependency section */
		20C631C71DD3AF4D00AE5E6B /* PBXTargetDependency */ = {
			isa = PBXTargetDependency;
			target = 20C631B01DD3AF4C00AE5E6B /* FoodTracker */;
			targetProxy = 20C631C61DD3AF4D00AE5E6B /* PBXContainerItemProxy */;
		};
/* End PBXTargetDependency section */

/* Begin PBXVariantGroup section */
		20C631B81DD3AF4D00AE5E6B /* Main.storyboard */ = {
			isa = PBXVariantGroup;
			children = (
				20C631B91DD3AF4D00AE5E6B /* Base */,
			);
			name = Main.storyboard;
			sourceTree = "<group>";
		};
		20C631BD1DD3AF4D00AE5E6B /* LaunchScreen.storyboard */ = {
			isa = PBXVariantGroup;
			children = (
				20C631BE1DD3AF4D00AE5E6B /* Base */,
			);
			name = LaunchScreen.storyboard;
			sourceTree = "<group>";
		};
/* End PBXVariantGroup section */

/* Begin XCBuildConfiguration section */
		20C631CC1DD3AF4D00AE5E6B /* Debug */ = {
			isa = XCBuildConfiguration;
			buildSettings = {
				ALWAYS_SEARCH_USER_PATHS = NO;
				CLANG_ANALYZER_NONNULL = YES;
				CLANG_CXX_LANGUAGE_STANDARD = "gnu++0x";
				CLANG_CXX_LIBRARY = "libc++";
				CLANG_ENABLE_MODULES = YES;
				CLANG_ENABLE_OBJC_ARC = YES;
				CLANG_WARN_BOOL_CONVERSION = YES;
				CLANG_WARN_CONSTANT_CONVERSION = YES;
				CLANG_WARN_DIRECT_OBJC_ISA_USAGE = YES_ERROR;
				CLANG_WARN_DOCUMENTATION_COMMENTS = YES;
				CLANG_WARN_EMPTY_BODY = YES;
				CLANG_WARN_ENUM_CONVERSION = YES;
				CLANG_WARN_INFINITE_RECURSION = YES;
				CLANG_WARN_INT_CONVERSION = YES;
				CLANG_WARN_OBJC_ROOT_CLASS = YES_ERROR;
				CLANG_WARN_SUSPICIOUS_MOVES = YES;
				CLANG_WARN_UNREACHABLE_CODE = YES;
				CLANG_WARN__DUPLICATE_METHOD_MATCH = YES;
				"CODE_SIGN_IDENTITY[sdk=iphoneos*]" = "iPhone Developer";
				COPY_PHASE_STRIP = NO;
				DEBUG_INFORMATION_FORMAT = dwarf;
				ENABLE_STRICT_OBJC_MSGSEND = YES;
				ENABLE_TESTABILITY = YES;
				GCC_C_LANGUAGE_STANDARD = gnu99;
				GCC_DYNAMIC_NO_PIC = NO;
				GCC_NO_COMMON_BLOCKS = YES;
				GCC_OPTIMIZATION_LEVEL = 0;
				GCC_PREPROCESSOR_DEFINITIONS = (
					"DEBUG=1",
					"$(inherited)",
				);
				GCC_WARN_64_TO_32_BIT_CONVERSION = YES;
				GCC_WARN_ABOUT_RETURN_TYPE = YES_ERROR;
				GCC_WARN_UNDECLARED_SELECTOR = YES;
				GCC_WARN_UNINITIALIZED_AUTOS = YES_AGGRESSIVE;
				GCC_WARN_UNUSED_FUNCTION = YES;
				GCC_WARN_UNUSED_VARIABLE = YES;
				IPHONEOS_DEPLOYMENT_TARGET = 10.1;
				MTL_ENABLE_DEBUG_INFO = YES;
				ONLY_ACTIVE_ARCH = YES;
				SDKROOT = iphoneos;
				SWIFT_ACTIVE_COMPILATION_CONDITIONS = DEBUG;
				SWIFT_OPTIMIZATION_LEVEL = "-Onone";
				TARGETED_DEVICE_FAMILY = "1,2";
			};
			name = Debug;
		};
		20C631CD1DD3AF4D00AE5E6B /* Release */ = {
			isa = XCBuildConfiguration;
			buildSettings = {
				ALWAYS_SEARCH_USER_PATHS = NO;
				CLANG_ANALYZER_NONNULL = YES;
				CLANG_CXX_LANGUAGE_STANDARD = "gnu++0x";
				CLANG_CXX_LIBRARY = "libc++";
				CLANG_ENABLE_MODULES = YES;
				CLANG_ENABLE_OBJC_ARC = YES;
				CLANG_WARN_BOOL_CONVERSION = YES;
				CLANG_WARN_CONSTANT_CONVERSION = YES;
				CLANG_WARN_DIRECT_OBJC_ISA_USAGE = YES_ERROR;
				CLANG_WARN_DOCUMENTATION_COMMENTS = YES;
				CLANG_WARN_EMPTY_BODY = YES;
				CLANG_WARN_ENUM_CONVERSION = YES;
				CLANG_WARN_INFINITE_RECURSION = YES;
				CLANG_WARN_INT_CONVERSION = YES;
				CLANG_WARN_OBJC_ROOT_CLASS = YES_ERROR;
				CLANG_WARN_SUSPICIOUS_MOVES = YES;
				CLANG_WARN_UNREACHABLE_CODE = YES;
				CLANG_WARN__DUPLICATE_METHOD_MATCH = YES;
				"CODE_SIGN_IDENTITY[sdk=iphoneos*]" = "iPhone Developer";
				COPY_PHASE_STRIP = NO;
				DEBUG_INFORMATION_FORMAT = "dwarf-with-dsym";
				ENABLE_NS_ASSERTIONS = NO;
				ENABLE_STRICT_OBJC_MSGSEND = YES;
				GCC_C_LANGUAGE_STANDARD = gnu99;
				GCC_NO_COMMON_BLOCKS = YES;
				GCC_WARN_64_TO_32_BIT_CONVERSION = YES;
				GCC_WARN_ABOUT_RETURN_TYPE = YES_ERROR;
				GCC_WARN_UNDECLARED_SELECTOR = YES;
				GCC_WARN_UNINITIALIZED_AUTOS = YES_AGGRESSIVE;
				GCC_WARN_UNUSED_FUNCTION = YES;
				GCC_WARN_UNUSED_VARIABLE = YES;
				IPHONEOS_DEPLOYMENT_TARGET = 10.1;
				MTL_ENABLE_DEBUG_INFO = NO;
				SDKROOT = iphoneos;
				SWIFT_OPTIMIZATION_LEVEL = "-Owholemodule";
				TARGETED_DEVICE_FAMILY = "1,2";
				VALIDATE_PRODUCT = YES;
			};
			name = Release;
		};
		20C631CF1DD3AF4D00AE5E6B /* Debug */ = {
			isa = XCBuildConfiguration;
			buildSettings = {
				ASSETCATALOG_COMPILER_APPICON_NAME = AppIcon;
				INFOPLIST_FILE = FoodTracker/Info.plist;
				LD_RUNPATH_SEARCH_PATHS = "$(inherited) @executable_path/Frameworks";
				PRODUCT_BUNDLE_IDENTIFIER = com.example.FoodTracker;
				PRODUCT_NAME = "$(TARGET_NAME)";
				SWIFT_VERSION = 3.0;
			};
			name = Debug;
		};
		20C631D01DD3AF4D00AE5E6B /* Release */ = {
			isa = XCBuildConfiguration;
			buildSettings = {
				ASSETCATALOG_COMPILER_APPICON_NAME = AppIcon;
				INFOPLIST_FILE = FoodTracker/Info.plist;
				LD_RUNPATH_SEARCH_PATHS = "$(inherited) @executable_path/Frameworks";
				PRODUCT_BUNDLE_IDENTIFIER = com.example.FoodTracker;
				PRODUCT_NAME = "$(TARGET_NAME)";
				SWIFT_VERSION = 3.0;
			};
			name = Release;
		};
		20C631D21DD3AF4D00AE5E6B /* Debug */ = {
			isa = XCBuildConfiguration;
			buildSettings = {
				ALWAYS_EMBED_SWIFT_STANDARD_LIBRARIES = YES;
				BUNDLE_LOADER = "$(TEST_HOST)";
				INFOPLIST_FILE = FoodTrackerTests/Info.plist;
				LD_RUNPATH_SEARCH_PATHS = "$(inherited) @executable_path/Frameworks @loader_path/Frameworks";
				PRODUCT_BUNDLE_IDENTIFIER = com.example.FoodTrackerTests;
				PRODUCT_NAME = "$(TARGET_NAME)";
				SWIFT_VERSION = 3.0;
				TEST_HOST = "$(BUILT_PRODUCTS_DIR)/FoodTracker.app/FoodTracker";
			};
			name = Debug;
		};
		20C631D31DD3AF4D00AE5E6B /* Release */ = {
			isa = XCBuildConfiguration;
			buildSettings = {
				ALWAYS_EMBED_SWIFT_STANDARD_LIBRARIES = YES;
				BUNDLE_LOADER = "$(TEST_HOST)";
				INFOPLIST_FILE = FoodTrackerTests/Info.plist;
				LD_RUNPATH_SEARCH_PATHS = "$(inherited) @executable_path/Frameworks @loader_path/Frameworks";
				PRODUCT_BUNDLE_IDENTIFIER = com.example.FoodTrackerTests;
				PRODUCT_NAME = "$(TARGET_NAME)";
				SWIFT_VERSION = 3.0;
				TEST_HOST = "$(BUILT_PRODUCTS_DIR)/FoodTracker.app/FoodTracker";
			};
			name = Release;
		};
/* End XCBuildConfiguration section */

/* Begin XCConfigurationList section */
		20C631AC1DD3AF4C00AE5E6B /* Build configuration list for PBXProject "FoodTracker" */ = {
			isa = XCConfigurationList;
			buildConfigurations = (
				20C631CC1DD3AF4D00AE5E6B /* Debug */,
				20C631CD1DD3AF4D00AE5E6B /* Release */,
			);
			defaultConfigurationIsVisible = 0;
			defaultConfigurationName = Release;
		};
		20C631CE1DD3AF4D00AE5E6B /* Build configuration list for PBXNativeTarget "FoodTracker" */ = {
			isa = XCConfigurationList;
			buildConfigurations = (
				20C631CF1DD3AF4D00AE5E6B /* Debug */,
				20C631D01DD3AF4D00AE5E6B /* Release */,
			);
			defaultConfigurationIsVisible = 0;
			defaultConfigurationName = Release;
		};
		20C631D11DD3AF4D00AE5E6B /* Build configuration list for PBXNativeTarget "FoodTrackerTests" */ = {
			isa = XCConfigurationList;
			buildConfigurations = (
				20C631D21DD3AF4D00AE5E6B /* Debug */,
				20C631D31DD3AF4D00AE5E6B /* Release */,
			);
			defaultConfigurationIsVisible = 0;
			defaultConfigurationName = Release;
		};
/* End XCConfigurationList section */
	};
	rootObject = 20C631A91DD3AF4C00AE5E6B /* Project object */;
}
